
Microsoft Visual Studio Solution File, Format Version 12.00
# Visual Studio Version 17
VisualStudioVersion = 17.14.37012.4 d17.14
MinimumVisualStudioVersion = 10.0.40219.1
Project("{FAE04EC0-301F-11D3-BF4B-00C04F79EFBC}") = "EFCoreApp", "EFCoreApp.csproj", "{79346984-3B31-425D-B725-EA21FE5F56CB}"
EndProject
Project("{FAE04EC0-301F-11D3-BF4B-00C04F79EFBC}") = "EFCoreDomain", "..\EFCoreDomain\EFCoreDomain.csproj", "{20E2DBA5-DC1C-4E74-B714-2A942F1DD498}"
EndProject
Project("{FAE04EC0-301F-11D3-BF4B-00C04F79EFBC}") = "EFCoreInfrastructure", "..\EFCoreInfrastructure\EFCoreInfrastructure.csproj", "{C4DDB13D-6310-40FB-B569-B55F4CEB7EB8}"
EndProject
Project("{FAE04EC0-301F-11D3-BF4B-00C04F79EFBC}") = "EFCoreServices", "..\EFCoreServices\EFCoreServices.csproj", "{47EC327A-7E23-49E1-9457-9FCC13020A4A}"
EndProject
Global
	GlobalSection(SolutionConfigurationPlatforms) = preSolution
		Debug|Any CPU = Debug|Any CPU
		Release|Any CPU = Release|Any CPU
	EndGlobalSection
	GlobalSection(ProjectConfigurationPlatforms) = postSolution
		{79346984-3B31-425D-B725-EA21FE5F56CB}.Debug|Any CPU.ActiveCfg = Debug|Any CPU
		{79346984-3B31-425D-B725-EA21FE5F56CB}.Debug|Any CPU.Build.0 = Debug|Any CPU
		{79346984-3B31-425D-B725-EA21FE5F56CB}.Release|Any CPU.ActiveCfg = Release|Any CPU
		{79346984-3B31-425D-B725-EA21FE5F56CB}.Release|Any CPU.Build.0 = Release|Any CPU
		{20E2DBA5-DC1C-4E74-B714-2A942F1DD498}.Debug|Any CPU.ActiveCfg = Debug|Any CPU
		{20E2DBA5-DC1C-4E74-B714-2A942F1DD498}.Debug|Any CPU.Build.0 = Debug|Any CPU
		{20E2DBA5-DC1C-4E74-B714-2A942F1DD498}.Release|Any CPU.ActiveCfg = Release|Any CPU
		{20E2DBA5-DC1C-4E74-B714-2A942F1DD498}.Release|Any CPU.Build.0 = Release|Any CPU
		{C4DDB13D-6310-40FB-B569-B55F4CEB7EB8}.Debug|Any CPU.ActiveCfg = Debug|Any CPU
		{C4DDB13D-6310-40FB-B569-B55F4CEB7EB8}.Debug|Any CPU.Build.0 = Debug|Any CPU
		{C4DDB13D-6310-40FB-B569-B55F4CEB7EB8}.Release|Any CPU.ActiveCfg = Release|Any CPU
		{C4DDB13D-6310-40FB-B569-B55F4CEB7EB8}.Release|Any CPU.Build.0 = Release|Any CPU
		{47EC327A-7E23-49E1-9457-9FCC13020A4A}.Debug|Any CPU.ActiveCfg = Debug|Any CPU
		{47EC327A-7E23-49E1-9457-9FCC13020A4A}.Debug|Any CPU.Build.0 = Debug|Any CPU
		{47EC327A-7E23-49E1-9457-9FCC13020A4A}.Release|Any CPU.ActiveCfg = Release|Any CPU
		{47EC327A-7E23-49E1-9457-9FCC13020A4A}.Release|Any CPU.Build.0 = Release|Any CPU
	EndGlobalSection
	GlobalSection(SolutionProperties) = preSolution
		HideSolutionNode = FALSE
	EndGlobalSection
	GlobalSection(ExtensibilityGlobals) = postSolution
		SolutionGuid = {7A3C7677-7337-4583-B31A-8345CBF1CF5E}
	EndGlobalSection
EndGlobal
